
Microsoft Visual Studio Solution File, Format Version 12.00
# Visual Studio Version 16
VisualStudioVersion = 16.0.29709.97
MinimumVisualStudioVersion = 10.0.40219.1
Project("{9A19103F-16F7-4668-BE54-9A1E7A4F7556}") = "LeaveForm", "LeaveForm\LeaveForm.csproj", "{4729875B-932F-4580-A5D1-D8139D5FA44C}"
EndProject
Project("{9A19103F-16F7-4668-BE54-9A1E7A4F7556}") = "LeaveForm.Data", "LeaveForm.Data\LeaveForm.Data.csproj", "{941B575A-F364-44CC-B20F-83C4429EE818}"
EndProject
Project("{FAE04EC0-301F-11D3-BF4B-00C04F79EFBC}") = "LeaveForm.Hook", "LeaveForm.Hook\LeaveForm.Hook.csproj", "{A507F742-470D-4253-A638-EC0845871D41}"
EndProject
Global
	GlobalSection(SolutionConfigurationPlatforms) = preSolution
		Debug|Any CPU = Debug|Any CPU
		Release|Any CPU = Release|Any CPU
	EndGlobalSection
	GlobalSection(ProjectConfigurationPlatforms) = postSolution
		{4729875B-932F-4580-A5D1-D8139D5FA44C}.Debug|Any CPU.ActiveCfg = Debug|Any CPU
		{4729875B-932F-4580-A5D1-D8139D5FA44C}.Debug|Any CPU.Build.0 = Debug|Any CPU
		{4729875B-932F-4580-A5D1-D8139D5FA44C}.Release|Any CPU.ActiveCfg = Release|Any CPU
		{4729875B-932F-4580-A5D1-D8139D5FA44C}.Release|Any CPU.Build.0 = Release|Any CPU
		{941B575A-F364-44CC-B20F-83C4429EE818}.Debug|Any CPU.ActiveCfg = Debug|Any CPU
		{941B575A-F364-44CC-B20F-83C4429EE818}.Debug|Any CPU.Build.0 = Debug|Any CPU
		{941B575A-F364-44CC-B20F-83C4429EE818}.Release|Any CPU.ActiveCfg = Release|Any CPU
		{941B575A-F364-44CC-B20F-83C4429EE818}.Release|Any CPU.Build.0 = Release|Any CPU
		{A507F742-470D-4253-A638-EC0845871D41}.Debug|Any CPU.ActiveCfg = Debug|Any CPU
		{A507F742-470D-4253-A638-EC0845871D41}.Debug|Any CPU.Build.0 = Debug|Any CPU
		{A507F742-470D-4253-A638-EC0845871D41}.Release|Any CPU.ActiveCfg = Release|Any CPU
		{A507F742-470D-4253-A638-EC0845871D41}.Release|Any CPU.Build.0 = Release|Any CPU
	EndGlobalSection
	GlobalSection(SolutionProperties) = preSolution
		HideSolutionNode = FALSE
	EndGlobalSection
	GlobalSection(ExtensibilityGlobals) = postSolution
		SolutionGuid = {279BFBFF-0DAC-4387-AB29-0A69A88E1EE5}
	EndGlobalSection
EndGlobal
